{
  "name": "moba",
  "version": "1.0.0",
  "lockfileVersion": 1,
  "requires": true,
  "dependencies": {
    "asn1": {
      "version": "0.2.4",
      "resolved": "http://nexus.wdf.sap.corp:8081/nexus/repository/build.releases.npm/asn1/-/asn1-0.2.4.tgz",
      "integrity": "sha512-jxwzQpLQjSmWXgwaCZE9Nz+glAG01yF1QnWgbhGwHI5A6FRIEY6IVqtHhIepHqI7/kyEyQEagBC5mBEFlIYvdg==",
      "dev": true,
      "requires": {
        "safer-buffer": "~2.1.0"
      }
    },
    "bcrypt-pbkdf": {
      "version": "1.0.2",
      "resolved": "http://nexus.wdf.sap.corp:8081/nexus/repository/build.releases.npm/bcrypt-pbkdf/-/bcrypt-pbkdf-1.0.2.tgz",
      "integrity": "sha1-pDAdOJtqQ/m2f/PKEaP2Y342Dp4=",
      "dev": true,
      "requires": {
        "tweetnacl": "^0.14.3"
      }
    },
    "buffer-from": {
      "version": "1.1.1",
      "resolved": "http://nexus.wdf.sap.corp:8081/nexus/repository/build.releases.npm/buffer-from/-/buffer-from-1.1.1.tgz",
      "integrity": "sha512-MQcXEUbCKtEo7bhqEs6560Hyd4XaovZlO/k9V3hjVUF/zwW7KBVdSK4gIt/bzwS9MbR5qob+F5jusZsb0YQK2A==",
      "dev": true
    },
    "concat-stream": {
      "version": "2.0.0",
      "resolved": "http://nexus.wdf.sap.corp:8081/nexus/repository/build.releases.npm/concat-stream/-/concat-stream-2.0.0.tgz",
      "integrity": "sha512-MWufYdFw53ccGjCA+Ol7XJYpAlW6/prSMzuPOTRnJGcGzuhLn4Scrz7qf6o8bROZ514ltazcIFJZevcfbo0x7A==",
      "dev": true,
      "requires": {
        "buffer-from": "^1.0.0",
        "inherits": "^2.0.3",
        "readable-stream": "^3.0.2",
        "typedarray": "^0.0.6"
      }
    },
    "config": {
      "version": "3.2.3",
      "resolved": "http://nexus.wdf.sap.corp:8081/nexus/repository/build.releases.npm/config/-/config-3.2.3.tgz",
      "integrity": "sha512-pditxQzO+SkKX/2gs99YnUGEjmBVkTj2o/hGOgC0oYEU7QgLnVVDYmcSL6HiGels/8QtFJpFzi5iKYv4D0dalg==",
      "requires": {
        "json5": "^1.0.1"
      }
    },
    "fs-extra": {
      "version": "8.1.0",
      "resolved": "http://nexus.wdf.sap.corp:8081/nexus/repository/build.releases.npm/fs-extra/-/fs-extra-8.1.0.tgz",
      "integrity": "sha512-yhlQgA6mnOJUKOsRUFsgJdQCvkKhcz8tlZG5HBQfReYZy46OwLcY+Zia0mtdHsOo9y/hP+CxMN0TU9QxoOtG4g==",
      "dev": true,
      "requires": {
        "graceful-fs": "^4.2.0",
        "jsonfile": "^4.0.0",
        "universalify": "^0.1.0"
      }
    },
    "graceful-fs": {
      "version": "4.2.2",
      "resolved": "http://nexus.wdf.sap.corp:8081/nexus/repository/build.releases.npm/graceful-fs/-/graceful-fs-4.2.2.tgz",
      "integrity": "sha512-IItsdsea19BoLC7ELy13q1iJFNmd7ofZH5+X/pJr90/nRoPEX0DJo1dHDbgtYWOhJhcCgMDTOw84RZ72q6lB+Q==",
      "dev": true
    },
    "inherits": {
      "version": "2.0.4",
      "resolved": "http://nexus.wdf.sap.corp:8081/nexus/repository/build.releases.npm/inherits/-/inherits-2.0.4.tgz",
      "integrity": "sha512-k/vGaX4/Yla3WzyMCvTQOXYeIHvqOKtnqBduzTHpzpQZzAskKMhZ2K+EnBiSM9zGSoIFeMpXKxa4dYeZIQqewQ==",
      "dev": true
    },
    "json5": {
      "version": "1.0.1",
      "resolved": "http://nexus.wdf.sap.corp:8081/nexus/repository/build.releases.npm/json5/-/json5-1.0.1.tgz",
      "integrity": "sha512-aKS4WQjPenRxiQsC93MNfjx+nbF4PAdYzmd/1JIj8HYzqfbu86beTuNgXDzPknWk0n0uARlyewZo4s++ES36Ow==",
      "requires": {
        "minimist": "^1.2.0"
      }
    },
    "jsonfile": {
      "version": "4.0.0",
      "resolved": "http://nexus.wdf.sap.corp:8081/nexus/repository/build.releases.npm/jsonfile/-/jsonfile-4.0.0.tgz",
      "integrity": "sha1-h3Gq4HmbZAdrdmQPygWPnBDjPss=",
      "dev": true,
      "requires": {
        "graceful-fs": "^4.1.6"
      }
    },
    "minimist": {
      "version": "1.2.0",
      "resolved": "http://nexus.wdf.sap.corp:8081/nexus/repository/build.releases.npm/minimist/-/minimist-1.2.0.tgz",
      "integrity": "sha1-o1AIsg9BOD7sH7kU9M1d95omQoQ="
    },
    "node-ssh": {
      "version": "6.0.0",
      "resolved": "http://nexus.wdf.sap.corp:8081/nexus/repository/build.releases.npm/node-ssh/-/node-ssh-6.0.0.tgz",
      "integrity": "sha512-R/nqH09/kZrXilSLizJgokw4hJTSADANnntjk6iNVfO95RPNQq9H19NeUvQof96WQB9dgOxpRgBV7d+snZP2DQ==",
      "dev": true,
      "requires": {
        "p-map": "^2.1.0",
        "sb-promisify": "^2.0.1",
        "sb-scandir": "^2.0.0",
        "shell-escape": "^0.2.0",
        "ssh2": "^0.8.2"
      }
    },
    "p-map": {
      "version": "2.1.0",
      "resolved": "http://nexus.wdf.sap.corp:8081/nexus/repository/build.releases.npm/p-map/-/p-map-2.1.0.tgz",
      "integrity": "sha512-y3b8Kpd8OAN444hxfBbFfj1FY/RjtTd8tzYwhUqNYXx0fXx2iX4maP4Qr6qhIKbQXI02wTLAda4fYUbDagTUFw==",
      "dev": true
    },
    "readable-stream": {
      "version": "3.4.0",
      "resolved": "http://nexus.wdf.sap.corp:8081/nexus/repository/build.releases.npm/readable-stream/-/readable-stream-3.4.0.tgz",
      "integrity": "sha512-jItXPLmrSR8jmTRmRWJXCnGJsfy85mB3Wd/uINMXA65yrnFo0cPClFIUWzo2najVNSl+mx7/4W8ttlLWJe99pQ==",
      "dev": true,
      "requires": {
        "inherits": "^2.0.3",
        "string_decoder": "^1.1.1",
        "util-deprecate": "^1.0.1"
      }
    },
    "retry": {
      "version": "0.12.0",
      "resolved": "http://nexus.wdf.sap.corp:8081/nexus/repository/build.releases.npm/retry/-/retry-0.12.0.tgz",
      "integrity": "sha1-G0KmJmoh8HQh0bC1S33BZ7AcATs=",
      "dev": true
    },
    "safe-buffer": {
      "version": "5.2.0",
      "resolved": "http://nexus.wdf.sap.corp:8081/nexus/repository/build.releases.npm/safe-buffer/-/safe-buffer-5.2.0.tgz",
      "integrity": "sha512-fZEwUGbVl7kouZs1jCdMLdt95hdIv0ZeHg6L7qPeciMZhZ+/gdesW4wgTARkrFWEpspjEATAzUGPG8N2jJiwbg==",
      "dev": true
    },
    "safer-buffer": {
      "version": "2.1.2",
      "resolved": "http://nexus.wdf.sap.corp:8081/nexus/repository/build.releases.npm/safer-buffer/-/safer-buffer-2.1.2.tgz",
      "integrity": "sha512-YZo3K82SD7Riyi0E1EQPojLz7kpepnSQI9IyPbHHg1XXXevb5dJI7tpyN2ADxGcQbHG7vcyRHk0cbwqcQriUtg==",
      "dev": true
    },
    "sb-promisify": {
      "version": "2.0.2",
      "resolved": "http://nexus.wdf.sap.corp:8081/nexus/repository/build.releases.npm/sb-promisify/-/sb-promisify-2.0.2.tgz",
      "integrity": "sha1-QnelR1RIiqlnXYhuNU24lMm9yYE=",
      "dev": true
    },
    "sb-scandir": {
      "version": "2.0.0",
      "resolved": "http://nexus.wdf.sap.corp:8081/nexus/repository/build.releases.npm/sb-scandir/-/sb-scandir-2.0.0.tgz",
      "integrity": "sha512-SKbyMJB0DUt9OgN4tP2RBcn9OsR26DEpe+nwaDkQTNcrJSJI0FlLhXhBpTd/YEnlQ2GdLrbszSNekGLw4rweOQ==",
      "dev": true,
      "requires": {
        "p-map": "^1.2.0",
        "sb-promisify": "^2.0.1"
      },
      "dependencies": {
        "p-map": {
          "version": "1.2.0",
          "resolved": "http://nexus.wdf.sap.corp:8081/nexus/repository/build.releases.npm/p-map/-/p-map-1.2.0.tgz",
          "integrity": "sha512-r6zKACMNhjPJMTl8KcFH4li//gkrXWfbD6feV8l6doRHlzljFWGJ2AP6iKaCJXyZmAUMOPtvbW7EXkbWO/pLEA==",
          "dev": true
        }
      }
    },
    "shell-escape": {
      "version": "0.2.0",
      "resolved": "http://nexus.wdf.sap.corp:8081/nexus/repository/build.releases.npm/shell-escape/-/shell-escape-0.2.0.tgz",
      "integrity": "sha1-aP0CXrBJC09WegJ/C/IkgLX4QTM=",
      "dev": true
    },
    "ssh2": {
      "version": "0.8.5",
      "resolved": "http://nexus.wdf.sap.corp:8081/nexus/repository/build.releases.npm/ssh2/-/ssh2-0.8.5.tgz",
      "integrity": "sha512-TkvzxSYYUSQ8jb//HbHnJVui4fVEW7yu/zwBxwro/QaK2EGYtwB+8gdEChwHHuj142c5+250poMC74aJiwApPw==",
      "dev": true,
      "requires": {
        "ssh2-streams": "~0.4.4"
      }
    },
    "ssh2-sftp-client": {
      "version": "4.2.1",
      "resolved": "http://nexus.wdf.sap.corp:8081/nexus/repository/build.releases.npm/ssh2-sftp-client/-/ssh2-sftp-client-4.2.1.tgz",
      "integrity": "sha512-qf4jOJ41I0w/b8Kqlt1Vz3LodnFy6R2UNYrjRRuweVDz661BXfHRg4AtN3ury68RvQrUlHoVrvTh3o3nOrPdjQ==",
      "dev": true,
      "requires": {
        "concat-stream": "^2.0.0",
        "retry": "^0.12.0",
        "ssh2": "^0.8.2"
      }
    },
    "ssh2-streams": {
      "version": "0.4.6",
      "resolved": "http://nexus.wdf.sap.corp:8081/nexus/repository/build.releases.npm/ssh2-streams/-/ssh2-streams-0.4.6.tgz",
      "integrity": "sha512-jXq/nk2K82HuueO9CTCdas/a0ncX3fvYzEPKt1+ftKwE5RXTX25GyjcpjBh2lwVUYbk0c9yq6cBczZssWmU3Tw==",
      "dev": true,
      "requires": {
        "asn1": "~0.2.0",
        "bcrypt-pbkdf": "^1.0.2",
        "streamsearch": "~0.1.2"
      }
    },
    "streamsearch": {
      "version": "0.1.2",
      "resolved": "http://nexus.wdf.sap.corp:8081/nexus/repository/build.releases.npm/streamsearch/-/streamsearch-0.1.2.tgz",
      "integrity": "sha1-gIudDlb8Jz2Am6VzOOkpkZoanxo=",
      "dev": true
    },
    "string_decoder": {
      "version": "1.3.0",
      "resolved": "http://nexus.wdf.sap.corp:8081/nexus/repository/build.releases.npm/string_decoder/-/string_decoder-1.3.0.tgz",
      "integrity": "sha512-hkRX8U1WjJFd8LsDJ2yQ/wWWxaopEsABU1XfkM8A+j0+85JAGppt16cr1Whg6KIbb4okU6Mql6BOj+uup/wKeA==",
      "dev": true,
      "requires": {
        "safe-buffer": "~5.2.0"
      }
    },
    "tweetnacl": {
      "version": "0.14.5",
      "resolved": "http://nexus.wdf.sap.corp:8081/nexus/repository/build.releases.npm/tweetnacl/-/tweetnacl-0.14.5.tgz",
      "integrity": "sha1-WuaBd/GS1EViadEIr6k/+HQ/T2Q=",
      "dev": true
    },
    "typedarray": {
      "version": "0.0.6",
      "resolved": "http://nexus.wdf.sap.corp:8081/nexus/repository/build.releases.npm/typedarray/-/typedarray-0.0.6.tgz",
      "integrity": "sha1-hnrHTjhkGHsdPUfZlqeOxciDB3c=",
      "dev": true
    },
    "universalify": {
      "version": "0.1.2",
      "resolved": "http://nexus.wdf.sap.corp:8081/nexus/repository/build.releases.npm/universalify/-/universalify-0.1.2.tgz",
      "integrity": "sha512-rBJeI5CXAlmy1pV+617WB9J63U6XcazHHF2f2dbJix4XzpUF0RS3Zbj0FGIOCAva5P/d/GBOYaACQ1w+0azUkg==",
      "dev": true
    },
    "util-deprecate": {
      "version": "1.0.2",
      "resolved": "http://nexus.wdf.sap.corp:8081/nexus/repository/build.releases.npm/util-deprecate/-/util-deprecate-1.0.2.tgz",
      "integrity": "sha1-RQ1Nyfpw3nMnYvvS1KKJgUGaDM8=",
      "dev": true
    }
  }
}
